
Microsoft Visual Studio Solution File, Format Version 12.00
# Visual Studio Version 17
VisualStudioVersion = 17.7.34221.43
MinimumVisualStudioVersion = 10.0.40219.1
Project("{FAE04EC0-301F-11D3-BF4B-00C04F79EFBC}") = "Assignment12", "Assignment12.csproj", "{1F7076C8-4F5F-433F-A240-88E9FF5A30D0}"
EndProject
Global
	GlobalSection(SolutionConfigurationPlatforms) = preSolution
		Debug|Any CPU = Debug|Any CPU
		Release|Any CPU = Release|Any CPU
	EndGlobalSection
	GlobalSection(ProjectConfigurationPlatforms) = postSolution
		{1F7076C8-4F5F-433F-A240-88E9FF5A30D0}.Debug|Any CPU.ActiveCfg = Debug|Any CPU
		{1F7076C8-4F5F-433F-A240-88E9FF5A30D0}.Debug|Any CPU.Build.0 = Debug|Any CPU
		{1F7076C8-4F5F-433F-A240-88E9FF5A30D0}.Release|Any CPU.ActiveCfg = Release|Any CPU
		{1F7076C8-4F5F-433F-A240-88E9FF5A30D0}.Release|Any CPU.Build.0 = Release|Any CPU
	EndGlobalSection
	GlobalSection(SolutionProperties) = preSolution
		HideSolutionNode = FALSE
	EndGlobalSection
	GlobalSection(ExtensibilityGlobals) = postSolution
		SolutionGuid = {D24FA090-A010-4DA9-84E8-5D74E6E413D6}
	EndGlobalSection
EndGlobal
